
Microsoft Visual Studio Solution File, Format Version 12.00
# Visual Studio Version 17
VisualStudioVersion = 17.2.32519.379
MinimumVisualStudioVersion = 10.0.40219.1
Project("{FAE04EC0-301F-11D3-BF4B-00C04F79EFBC}") = "CinemaApi", "CinemaApi\CinemaApi.csproj", "{8CA90BF8-ACDC-4AB7-8EB4-4C70F6228435}"
EndProject
Global
	GlobalSection(SolutionConfigurationPlatforms) = preSolution
		Debug|Any CPU = Debug|Any CPU
		Release|Any CPU = Release|Any CPU
	EndGlobalSection
	GlobalSection(ProjectConfigurationPlatforms) = postSolution
		{8CA90BF8-ACDC-4AB7-8EB4-4C70F6228435}.Debug|Any CPU.ActiveCfg = Debug|Any CPU
		{8CA90BF8-ACDC-4AB7-8EB4-4C70F6228435}.Debug|Any CPU.Build.0 = Debug|Any CPU
		{8CA90BF8-ACDC-4AB7-8EB4-4C70F6228435}.Release|Any CPU.ActiveCfg = Release|Any CPU
		{8CA90BF8-ACDC-4AB7-8EB4-4C70F6228435}.Release|Any CPU.Build.0 = Release|Any CPU
	EndGlobalSection
	GlobalSection(SolutionProperties) = preSolution
		HideSolutionNode = FALSE
	EndGlobalSection
	GlobalSection(ExtensibilityGlobals) = postSolution
		SolutionGuid = {87F343DC-05FA-4BC0-B43D-38704056DE7A}
	EndGlobalSection
EndGlobal
